
Microsoft Visual Studio Solution File, Format Version 12.00
# Visual Studio Version 16
VisualStudioVersion = 16.0.30611.23
MinimumVisualStudioVersion = 10.0.40219.1
Project("{FAE04EC0-301F-11D3-BF4B-00C04F79EFBC}") = "Bot Bob", "Bot Bob.csproj", "{B0D7C527-7178-4CC9-B52C-BD89325F10D8}"
EndProject
Global
	GlobalSection(SolutionConfigurationPlatforms) = preSolution
		Debug|Any CPU = Debug|Any CPU
		Release|Any CPU = Release|Any CPU
	EndGlobalSection
	GlobalSection(ProjectConfigurationPlatforms) = postSolution
		{B0D7C527-7178-4CC9-B52C-BD89325F10D8}.Debug|Any CPU.ActiveCfg = Debug|Any CPU
		{B0D7C527-7178-4CC9-B52C-BD89325F10D8}.Debug|Any CPU.Build.0 = Debug|Any CPU
		{B0D7C527-7178-4CC9-B52C-BD89325F10D8}.Release|Any CPU.ActiveCfg = Release|Any CPU
		{B0D7C527-7178-4CC9-B52C-BD89325F10D8}.Release|Any CPU.Build.0 = Release|Any CPU
	EndGlobalSection
	GlobalSection(SolutionProperties) = preSolution
		HideSolutionNode = FALSE
	EndGlobalSection
	GlobalSection(ExtensibilityGlobals) = postSolution
		SolutionGuid = {81892364-3E8D-478D-8091-B407ECB1F935}
	EndGlobalSection
EndGlobal
